[{<<"edate">>,
  {git,"git@github.com:dweldon/edate.git",
       {ref,"640718ee7fde7d5bac0c5d228d0a4acd8712f719"}},
  1},
 {<<"wms_cfg">>,
  {git,"git@github.com:m-attila/wms_cfg.git",
       {ref,"d39fb663a28cb65fdd1ac9f716674625ff532712"}},
  0},
 {<<"wms_common">>,
  {git,"git@github.com:m-attila/wms_common.git",
       {ref,"26e48c31f39eadadf8a474478a4fc2ba10b13fd8"}},
  0}].
