[{<<"syn">>,
  {git,"git://github.com/ostinelli/syn.git",
       {ref,"9bfe15189e52589a2a831755f26fb3966ab76701"}},
  0},
 {<<"wms_cfg">>,
  {git,"git@github.com:m-attila/wms_cfg.git",
       {ref,"d39fb663a28cb65fdd1ac9f716674625ff532712"}},
  0},
 {<<"wms_common">>,
  {git,"git@github.com:m-attila/wms_common.git",
       {ref,"a6035eb68704ab161649f0c3c9c9d506abdbeca9"}},
  0}].
